// !$*UTF8*$!
{
	archiveVersion = 1;
	classes = {
	};
	objectVersion = 46;
	objects = {

/* Begin PBXBuildFile section */
		F47DBF2F1E40D3E2002BF27C /* CustomTabBarController.swift in Sources */ = {isa = PBXBuildFile; fileRef = F47DBF2E1E40D3E2002BF27C /* CustomTabBarController.swift */; };
		F47DBF311E40D78B002BF27C /* FriendRequestsController.swift in Sources */ = {isa = PBXBuildFile; fileRef = F47DBF301E40D78B002BF27C /* FriendRequestsController.swift */; };
		F47DBF331E4117B8002BF27C /* Post.swift in Sources */ = {isa = PBXBuildFile; fileRef = F47DBF321E4117B8002BF27C /* Post.swift */; };
		F47DBF361E412DF6002BF27C /* all_posts.json in Resources */ = {isa = PBXBuildFile; fileRef = F47DBF341E412DF6002BF27C /* all_posts.json */; };
		F47DBF371E412DF6002BF27C /* single_post.json in Resources */ = {isa = PBXBuildFile; fileRef = F47DBF351E412DF6002BF27C /* single_post.json */; };
		F4DBDDB21E38F99A00839493 /* AppDelegate.swift in Sources */ = {isa = PBXBuildFile; fileRef = F4DBDDB11E38F99A00839493 /* AppDelegate.swift */; };
		F4DBDDB41E38F99A00839493 /* ViewController.swift in Sources */ = {isa = PBXBuildFile; fileRef = F4DBDDB31E38F99A00839493 /* ViewController.swift */; };
		F4DBDDB91E38F99A00839493 /* Assets.xcassets in Resources */ = {isa = PBXBuildFile; fileRef = F4DBDDB81E38F99A00839493 /* Assets.xcassets */; };
		F4DBDDBC1E38F99A00839493 /* LaunchScreen.storyboard in Resources */ = {isa = PBXBuildFile; fileRef = F4DBDDBA1E38F99A00839493 /* LaunchScreen.storyboard */; };
		F4DBDDC71E38F99A00839493 /* Facebook_UKTests.swift in Sources */ = {isa = PBXBuildFile; fileRef = F4DBDDC61E38F99A00839493 /* Facebook_UKTests.swift */; };
		F4DBDDD21E38F99A00839493 /* Facebook_UKUITests.swift in Sources */ = {isa = PBXBuildFile; fileRef = F4DBDDD11E38F99A00839493 /* Facebook_UKUITests.swift */; };
		F4EC0C151E40079400C04A70 /* extension.swift in Sources */ = {isa = PBXBuildFile; fileRef = F4EC0C141E40079400C04A70 /* extension.swift */; };
		F4EC0C171E4007E300C04A70 /* FeedCell.swift in Sources */ = {isa = PBXBuildFile; fileRef = F4EC0C161E4007E300C04A70 /* FeedCell.swift */; };
/* End PBXBuildFile section */

/* Begin PBXContainerItemProxy section */
		F4DBDDC31E38F99A00839493 /* PBXContainerItemProxy */ = {
			isa = PBXContainerItemProxy;
			containerPortal = F4DBDDA61E38F99A00839493 /* Project object */;
			proxyType = 1;
			remoteGlobalIDString = F4DBDDAD1E38F99A00839493;
			remoteInfo = "Facebook UK";
		};
		F4DBDDCE1E38F99A00839493 /* PBXContainerItemProxy */ = {
			isa = PBXContainerItemProxy;
			containerPortal = F4DBDDA61E38F99A00839493 /* Project object */;
			proxyType = 1;
			remoteGlobalIDString = F4DBDDAD1E38F99A00839493;
			remoteInfo = "Facebook UK";
		};
/* End PBXContainerItemProxy section */

/* Begin PBXFileReference section */
		F47DBF2E1E40D3E2002BF27C /* CustomTabBarController.swift */ = {isa = PBXFileReference; fileEncoding = 4; lastKnownFileType = sourcecode.swift; path = CustomTabBarController.swift; sourceTree = "<group>"; };
		F47DBF301E40D78B002BF27C /* FriendRequestsController.swift */ = {isa = PBXFileReference; fileEncoding = 4; lastKnownFileType = sourcecode.swift; path = FriendRequestsController.swift; sourceTree = "<group>"; };
		F47DBF321E4117B8002BF27C /* Post.swift */ = {isa = PBXFileReference; fileEncoding = 4; lastKnownFileType = sourcecode.swift; path = Post.swift; sourceTree = "<group>"; };
		F47DBF341E412DF6002BF27C /* all_posts.json */ = {isa = PBXFileReference; fileEncoding = 4; lastKnownFileType = text.json; path = all_posts.json; sourceTree = "<group>"; };
		F47DBF351E412DF6002BF27C /* single_post.json */ = {isa = PBXFileReference; fileEncoding = 4; lastKnownFileType = text.json; path = single_post.json; sourceTree = "<group>"; };
		F4DBDDAE1E38F99A00839493 /* Facebook UK.app */ = {isa = PBXFileReference; explicitFileType = wrapper.application; includeInIndex = 0; path = "Facebook UK.app"; sourceTree = BUILT_PRODUCTS_DIR; };
		F4DBDDB11E38F99A00839493 /* AppDelegate.swift */ = {isa = PBXFileReference; lastKnownFileType = sourcecode.swift; path = AppDelegate.swift; sourceTree = "<group>"; };
		F4DBDDB31E38F99A00839493 /* ViewController.swift */ = {isa = PBXFileReference; lastKnownFileType = sourcecode.swift; path = ViewController.swift; sourceTree = "<group>"; };
		F4DBDDB81E38F99A00839493 /* Assets.xcassets */ = {isa = PBXFileReference; lastKnownFileType = folder.assetcatalog; path = Assets.xcassets; sourceTree = "<group>"; };
		F4DBDDBB1E38F99A00839493 /* Base */ = {isa = PBXFileReference; lastKnownFileType = file.storyboard; name = Base; path = Base.lproj/LaunchScreen.storyboard; sourceTree = "<group>"; };
		F4DBDDBD1E38F99A00839493 /* Info.plist */ = {isa = PBXFileReference; lastKnownFileType = text.plist.xml; path = Info.plist; sourceTree = "<group>"; };
		F4DBDDC21E38F99A00839493 /* Facebook UKTests.xctest */ = {isa = PBXFileReference; explicitFileType = wrapper.cfbundle; includeInIndex = 0; path = "Facebook UKTests.xctest"; sourceTree = BUILT_PRODUCTS_DIR; };
		F4DBDDC61E38F99A00839493 /* Facebook_UKTests.swift */ = {isa = PBXFileReference; lastKnownFileType = sourcecode.swift; path = Facebook_UKTests.swift; sourceTree = "<group>"; };
		F4DBDDC81E38F99A00839493 /* Info.plist */ = {isa = PBXFileReference; lastKnownFileType = text.plist.xml; path = Info.plist; sourceTree = "<group>"; };
		F4DBDDCD1E38F99A00839493 /* Facebook UKUITests.xctest */ = {isa = PBXFileReference; explicitFileType = wrapper.cfbundle; includeInIndex = 0; path = "Facebook UKUITests.xctest"; sourceTree = BUILT_PRODUCTS_DIR; };
		F4DBDDD11E38F99A00839493 /* Facebook_UKUITests.swift */ = {isa = PBXFileReference; lastKnownFileType = sourcecode.swift; path = Facebook_UKUITests.swift; sourceTree = "<group>"; };
		F4DBDDD31E38F99A00839493 /* Info.plist */ = {isa = PBXFileReference; lastKnownFileType = text.plist.xml; path = Info.plist; sourceTree = "<group>"; };
		F4EC0C141E40079400C04A70 /* extension.swift */ = {isa = PBXFileReference; fileEncoding = 4; lastKnownFileType = sourcecode.swift; path = extension.swift; sourceTree = "<group>"; };
		F4EC0C161E4007E300C04A70 /* FeedCell.swift */ = {isa = PBXFileReference; fileEncoding = 4; lastKnownFileType = sourcecode.swift; path = FeedCell.swift; sourceTree = "<group>"; };
/* End PBXFileReference section */

/* Begin PBXFrameworksBuildPhase section */
		F4DBDDAB1E38F99A00839493 /* Frameworks */ = {
			isa = PBXFrameworksBuildPhase;
			buildActionMask = 2147483647;
			files = (
			);
			runOnlyForDeploymentPostprocessing = 0;
		};
		F4DBDDBF1E38F99A00839493 /* Frameworks */ = {
			isa = PBXFrameworksBuildPhase;
			buildActionMask = 2147483647;
			files = (
			);
			runOnlyForDeploymentPostprocessing = 0;
		};
		F4DBDDCA1E38F99A00839493 /* Frameworks */ = {
			isa = PBXFrameworksBuildPhase;
			buildActionMask = 2147483647;
			files = (
			);
			runOnlyForDeploymentPostprocessing = 0;
		};
/* End PBXFrameworksBuildPhase section */

/* Begin PBXGroup section */
		F4DBDDA51E38F99A00839493 = {
			isa = PBXGroup;
			children = (
				F4DBDDB01E38F99A00839493 /* Facebook UK */,
				F4DBDDC51E38F99A00839493 /* Facebook UKTests */,
				F4DBDDD01E38F99A00839493 /* Facebook UKUITests */,
				F4DBDDAF1E38F99A00839493 /* Products */,
			);
			sourceTree = "<group>";
		};
		F4DBDDAF1E38F99A00839493 /* Products */ = {
			isa = PBXGroup;
			children = (
				F4DBDDAE1E38F99A00839493 /* Facebook UK.app */,
				F4DBDDC21E38F99A00839493 /* Facebook UKTests.xctest */,
				F4DBDDCD1E38F99A00839493 /* Facebook UKUITests.xctest */,
			);
			name = Products;
			sourceTree = "<group>";
		};
		F4DBDDB01E38F99A00839493 /* Facebook UK */ = {
			isa = PBXGroup;
			children = (
				F47DBF341E412DF6002BF27C /* all_posts.json */,
				F47DBF351E412DF6002BF27C /* single_post.json */,
				F4DBDDBD1E38F99A00839493 /* Info.plist */,
				F4DBDDB11E38F99A00839493 /* AppDelegate.swift */,
				F47DBF2E1E40D3E2002BF27C /* CustomTabBarController.swift */,
				F4EC0C141E40079400C04A70 /* extension.swift */,
				F4EC0C161E4007E300C04A70 /* FeedCell.swift */,
				F47DBF301E40D78B002BF27C /* FriendRequestsController.swift */,
				F47DBF321E4117B8002BF27C /* Post.swift */,
				F4DBDDB31E38F99A00839493 /* ViewController.swift */,
				F4DBDDB81E38F99A00839493 /* Assets.xcassets */,
				F4DBDDBA1E38F99A00839493 /* LaunchScreen.storyboard */,
			);
			path = "Facebook UK";
			sourceTree = "<group>";
		};
		F4DBDDC51E38F99A00839493 /* Facebook UKTests */ = {
			isa = PBXGroup;
			children = (
				F4DBDDC61E38F99A00839493 /* Facebook_UKTests.swift */,
				F4DBDDC81E38F99A00839493 /* Info.plist */,
			);
			path = "Facebook UKTests";
			sourceTree = "<group>";
		};
		F4DBDDD01E38F99A00839493 /* Facebook UKUITests */ = {
			isa = PBXGroup;
			children = (
				F4DBDDD11E38F99A00839493 /* Facebook_UKUITests.swift */,
				F4DBDDD31E38F99A00839493 /* Info.plist */,
			);
			path = "Facebook UKUITests";
			sourceTree = "<group>";
		};
/* End PBXGroup section */

/* Begin PBXNativeTarget section */
		F4DBDDAD1E38F99A00839493 /* Facebook UK */ = {
			isa = PBXNativeTarget;
			buildConfigurationList = F4DBDDD61E38F99A00839493 /* Build configuration list for PBXNativeTarget "Facebook UK" */;
			buildPhases = (
				F4DBDDAA1E38F99A00839493 /* Sources */,
				F4DBDDAB1E38F99A00839493 /* Frameworks */,
				F4DBDDAC1E38F99A00839493 /* Resources */,
			);
			buildRules = (
			);
			dependencies = (
			);
			name = "Facebook UK";
			productName = "Facebook UK";
			productReference = F4DBDDAE1E38F99A00839493 /* Facebook UK.app */;
			productType = "com.apple.product-type.application";
		};
		F4DBDDC11E38F99A00839493 /* Facebook UKTests */ = {
			isa = PBXNativeTarget;
			buildConfigurationList = F4DBDDD91E38F99A00839493 /* Build configuration list for PBXNativeTarget "Facebook UKTests" */;
			buildPhases = (
				F4DBDDBE1E38F99A00839493 /* Sources */,
				F4DBDDBF1E38F99A00839493 /* Frameworks */,
				F4DBDDC01E38F99A00839493 /* Resources */,
			);
			buildRules = (
			);
			dependencies = (
				F4DBDDC41E38F99A00839493 /* PBXTargetDependency */,
			);
			name = "Facebook UKTests";
			productName = "Facebook UKTests";
			productReference = F4DBDDC21E38F99A00839493 /* Facebook UKTests.xctest */;
			productType = "com.apple.product-type.bundle.unit-test";
		};
		F4DBDDCC1E38F99A00839493 /* Facebook UKUITests */ = {
			isa = PBXNativeTarget;
			buildConfigurationList = F4DBDDDC1E38F99A00839493 /* Build configuration list for PBXNativeTarget "Facebook UKUITests" */;
			buildPhases = (
				F4DBDDC91E38F99A00839493 /* Sources */,
				F4DBDDCA1E38F99A00839493 /* Frameworks */,
				F4DBDDCB1E38F99A00839493 /* Resources */,
			);
			buildRules = (
			);
			dependencies = (
				F4DBDDCF1E38F99A00839493 /* PBXTargetDependency */,
			);
			name = "Facebook UKUITests";
			productName = "Facebook UKUITests";
			productReference = F4DBDDCD1E38F99A00839493 /* Facebook UKUITests.xctest */;
			productType = "com.apple.product-type.bundle.ui-testing";
		};
/* End PBXNativeTarget section */

/* Begin PBXProject section */
		F4DBDDA61E38F99A00839493 /* Project object */ = {
			isa = PBXProject;
			attributes = {
				LastSwiftUpdateCheck = 0820;
				LastUpgradeCheck = 0820;
				ORGANIZATIONNAME = "ES Studios Inc.";
				TargetAttributes = {
					F4DBDDAD1E38F99A00839493 = {
						CreatedOnToolsVersion = 8.2.1;
						DevelopmentTeam = 863H7V8SL6;
						ProvisioningStyle = Automatic;
					};
					F4DBDDC11E38F99A00839493 = {
						CreatedOnToolsVersion = 8.2.1;
						DevelopmentTeam = 863H7V8SL6;
						ProvisioningStyle = Automatic;
						TestTargetID = F4DBDDAD1E38F99A00839493;
					};
					F4DBDDCC1E38F99A00839493 = {
						CreatedOnToolsVersion = 8.2.1;
						DevelopmentTeam = 863H7V8SL6;
						ProvisioningStyle = Automatic;
						TestTargetID = F4DBDDAD1E38F99A00839493;
					};
				};
			};
			buildConfigurationList = F4DBDDA91E38F99A00839493 /* Build configuration list for PBXProject "Facebook UK" */;
			compatibilityVersion = "Xcode 3.2";
			developmentRegion = English;
			hasScannedForEncodings = 0;
			knownRegions = (
				en,
				Base,
			);
			mainGroup = F4DBDDA51E38F99A00839493;
			productRefGroup = F4DBDDAF1E38F99A00839493 /* Products */;
			projectDirPath = "";
			projectRoot = "";
			targets = (
				F4DBDDAD1E38F99A00839493 /* Facebook UK */,
				F4DBDDC11E38F99A00839493 /* Facebook UKTests */,
				F4DBDDCC1E38F99A00839493 /* Facebook UKUITests */,
			);
		};
/* End PBXProject section */

/* Begin PBXResourcesBuildPhase section */
		F4DBDDAC1E38F99A00839493 /* Resources */ = {
			isa = PBXResourcesBuildPhase;
			buildActionMask = 2147483647;
			files = (
				F4DBDDBC1E38F99A00839493 /* LaunchScreen.storyboard in Resources */,
				F47DBF361E412DF6002BF27C /* all_posts.json in Resources */,
				F4DBDDB91E38F99A00839493 /* Assets.xcassets in Resources */,
				F47DBF371E412DF6002BF27C /* single_post.json in Resources */,
			);
			runOnlyForDeploymentPostprocessing = 0;
		};
		F4DBDDC01E38F99A00839493 /* Resources */ = {
			isa = PBXResourcesBuildPhase;
			buildActionMask = 2147483647;
			files = (
			);
			runOnlyForDeploymentPostprocessing = 0;
		};
		F4DBDDCB1E38F99A00839493 /* Resources */ = {
			isa = PBXResourcesBuildPhase;
			buildActionMask = 2147483647;
			files = (
			);
			runOnlyForDeploymentPostprocessing = 0;
		};
/* End PBXResourcesBuildPhase section */

/* Begin PBXSourcesBuildPhase section */
		F4DBDDAA1E38F99A00839493 /* Sources */ = {
			isa = PBXSourcesBuildPhase;
			buildActionMask = 2147483647;
			files = (
				F4EC0C151E40079400C04A70 /* extension.swift in Sources */,
				F4EC0C171E4007E300C04A70 /* FeedCell.swift in Sources */,
				F47DBF2F1E40D3E2002BF27C /* CustomTabBarController.swift in Sources */,
				F4DBDDB41E38F99A00839493 /* ViewController.swift in Sources */,
				F4DBDDB21E38F99A00839493 /* AppDelegate.swift in Sources */,
				F47DBF331E4117B8002BF27C /* Post.swift in Sources */,
				F47DBF311E40D78B002BF27C /* FriendRequestsController.swift in Sources */,
			);
			runOnlyForDeploymentPostprocessing = 0;
		};
		F4DBDDBE1E38F99A00839493 /* Sources */ = {
			isa = PBXSourcesBuildPhase;
			buildActionMask = 2147483647;
			files = (
				F4DBDDC71E38F99A00839493 /* Facebook_UKTests.swift in Sources */,
			);
			runOnlyForDeploymentPostprocessing = 0;
		};
		F4DBDDC91E38F99A00839493 /* Sources */ = {
			isa = PBXSourcesBuildPhase;
			buildActionMask = 2147483647;
			files = (
				F4DBDDD21E38F99A00839493 /* Facebook_UKUITests.swift in Sources */,
			);
			runOnlyForDeploymentPostprocessing = 0;
		};
/* End PBXSourcesBuildPhase section */

/* Begin PBXTargetDependency section */
		F4DBDDC41E38F99A00839493 /* PBXTargetDependency */ = {
			isa = PBXTargetDependency;
			target = F4DBDDAD1E38F99A00839493 /* Facebook UK */;
			targetProxy = F4DBDDC31E38F99A00839493 /* PBXContainerItemProxy */;
		};
		F4DBDDCF1E38F99A00839493 /* PBXTargetDependency */ = {
			isa = PBXTargetDependency;
			target = F4DBDDAD1E38F99A00839493 /* Facebook UK */;
			targetProxy = F4DBDDCE1E38F99A00839493 /* PBXContainerItemProxy */;
		};
/* End PBXTargetDependency section */

/* Begin PBXVariantGroup section */
		F4DBDDBA1E38F99A00839493 /* LaunchScreen.storyboard */ = {
			isa = PBXVariantGroup;
			children = (
				F4DBDDBB1E38F99A00839493 /* Base */,
			);
			name = LaunchScreen.storyboard;
			sourceTree = "<group>";
		};
/* End PBXVariantGroup section */

/* Begin XCBuildConfiguration section */
		F4DBDDD41E38F99A00839493 /* Debug */ = {
			isa = XCBuildConfiguration;
			buildSettings = {
				ALWAYS_SEARCH_USER_PATHS = NO;
				CLANG_ANALYZER_NONNULL = YES;
				CLANG_CXX_LANGUAGE_STANDARD = "gnu++0x";
				CLANG_CXX_LIBRARY = "libc++";
				CLANG_ENABLE_MODULES = YES;
				CLANG_ENABLE_OBJC_ARC = YES;
				CLANG_WARN_BOOL_CONVERSION = YES;
				CLANG_WARN_CONSTANT_CONVERSION = YES;
				CLANG_WARN_DIRECT_OBJC_ISA_USAGE = YES_ERROR;
				CLANG_WARN_DOCUMENTATION_COMMENTS = YES;
				CLANG_WARN_EMPTY_BODY = YES;
				CLANG_WARN_ENUM_CONVERSION = YES;
				CLANG_WARN_INFINITE_RECURSION = YES;
				CLANG_WARN_INT_CONVERSION = YES;
				CLANG_WARN_OBJC_ROOT_CLASS = YES_ERROR;
				CLANG_WARN_SUSPICIOUS_MOVE = YES;
				CLANG_WARN_UNREACHABLE_CODE = YES;
				CLANG_WARN__DUPLICATE_METHOD_MATCH = YES;
				"CODE_SIGN_IDENTITY[sdk=iphoneos*]" = "iPhone Developer";
				COPY_PHASE_STRIP = NO;
				DEBUG_INFORMATION_FORMAT = dwarf;
				ENABLE_STRICT_OBJC_MSGSEND = YES;
				ENABLE_TESTABILITY = YES;
				GCC_C_LANGUAGE_STANDARD = gnu99;
				GCC_DYNAMIC_NO_PIC = NO;
				GCC_NO_COMMON_BLOCKS = YES;
				GCC_OPTIMIZATION_LEVEL = 0;
				GCC_PREPROCESSOR_DEFINITIONS = (
					"DEBUG=1",
					"$(inherited)",
				);
				GCC_WARN_64_TO_32_BIT_CONVERSION = YES;
				GCC_WARN_ABOUT_RETURN_TYPE = YES_ERROR;
				GCC_WARN_UNDECLARED_SELECTOR = YES;
				GCC_WARN_UNINITIALIZED_AUTOS = YES_AGGRESSIVE;
				GCC_WARN_UNUSED_FUNCTION = YES;
				GCC_WARN_UNUSED_VARIABLE = YES;
				IPHONEOS_DEPLOYMENT_TARGET = 10.2;
				MTL_ENABLE_DEBUG_INFO = YES;
				ONLY_ACTIVE_ARCH = YES;
				SDKROOT = iphoneos;
				SWIFT_ACTIVE_COMPILATION_CONDITIONS = DEBUG;
				SWIFT_OPTIMIZATION_LEVEL = "-Onone";
				TARGETED_DEVICE_FAMILY = "1,2";
			};
			name = Debug;
		};
		F4DBDDD51E38F99A00839493 /* Release */ = {
			isa = XCBuildConfiguration;
			buildSettings = {
				ALWAYS_SEARCH_USER_PATHS = NO;
				CLANG_ANALYZER_NONNULL = YES;
				CLANG_CXX_LANGUAGE_STANDARD = "gnu++0x";
				CLANG_CXX_LIBRARY = "libc++";
				CLANG_ENABLE_MODULES = YES;
				CLANG_ENABLE_OBJC_ARC = YES;
				CLANG_WARN_BOOL_CONVERSION = YES;
				CLANG_WARN_CONSTANT_CONVERSION = YES;
				CLANG_WARN_DIRECT_OBJC_ISA_USAGE = YES_ERROR;
				CLANG_WARN_DOCUMENTATION_COMMENTS = YES;
				CLANG_WARN_EMPTY_BODY = YES;
				CLANG_WARN_ENUM_CONVERSION = YES;
				CLANG_WARN_INFINITE_RECURSION = YES;
				CLANG_WARN_INT_CONVERSION = YES;
				CLANG_WARN_OBJC_ROOT_CLASS = YES_ERROR;
				CLANG_WARN_SUSPICIOUS_MOVE = YES;
				CLANG_WARN_UNREACHABLE_CODE = YES;
				CLANG_WARN__DUPLICATE_METHOD_MATCH = YES;
				"CODE_SIGN_IDENTITY[sdk=iphoneos*]" = "iPhone Developer";
				COPY_PHASE_STRIP = NO;
				DEBUG_INFORMATION_FORMAT = "dwarf-with-dsym";
				ENABLE_NS_ASSERTIONS = NO;
				ENABLE_STRICT_OBJC_MSGSEND = YES;
				GCC_C_LANGUAGE_STANDARD = gnu99;
				GCC_NO_COMMON_BLOCKS = YES;
				GCC_WARN_64_TO_32_BIT_CONVERSION = YES;
				GCC_WARN_ABOUT_RETURN_TYPE = YES_ERROR;
				GCC_WARN_UNDECLARED_SELECTOR = YES;
				GCC_WARN_UNINITIALIZED_AUTOS = YES_AGGRESSIVE;
				GCC_WARN_UNUSED_FUNCTION = YES;
				GCC_WARN_UNUSED_VARIABLE = YES;
				IPHONEOS_DEPLOYMENT_TARGET = 10.2;
				MTL_ENABLE_DEBUG_INFO = NO;
				SDKROOT = iphoneos;
				SWIFT_OPTIMIZATION_LEVEL = "-Owholemodule";
				TARGETED_DEVICE_FAMILY = "1,2";
				VALIDATE_PRODUCT = YES;
			};
			name = Release;
		};
		F4DBDDD71E38F99A00839493 /* Debug */ = {
			isa = XCBuildConfiguration;
			buildSettings = {
				ASSETCATALOG_COMPILER_APPICON_NAME = AppIcon;
				DEVELOPMENT_TEAM = 863H7V8SL6;
				INFOPLIST_FILE = "Facebook UK/Info.plist";
				LD_RUNPATH_SEARCH_PATHS = "$(inherited) @executable_path/Frameworks";
				PRODUCT_BUNDLE_IDENTIFIER = "com.ESstudios.Facebook-UK";
				PRODUCT_NAME = "$(TARGET_NAME)";
				SWIFT_VERSION = 3.0;
			};
			name = Debug;
		};
		F4DBDDD81E38F99A00839493 /* Release */ = {
			isa = XCBuildConfiguration;
			buildSettings = {
				ASSETCATALOG_COMPILER_APPICON_NAME = AppIcon;
				DEVELOPMENT_TEAM = 863H7V8SL6;
				INFOPLIST_FILE = "Facebook UK/Info.plist";
				LD_RUNPATH_SEARCH_PATHS = "$(inherited) @executable_path/Frameworks";
				PRODUCT_BUNDLE_IDENTIFIER = "com.ESstudios.Facebook-UK";
				PRODUCT_NAME = "$(TARGET_NAME)";
				SWIFT_VERSION = 3.0;
			};
			name = Release;
		};
		F4DBDDDA1E38F99A00839493 /* Debug */ = {
			isa = XCBuildConfiguration;
			buildSettings = {
				ALWAYS_EMBED_SWIFT_STANDARD_LIBRARIES = YES;
				BUNDLE_LOADER = "$(TEST_HOST)";
				DEVELOPMENT_TEAM = 863H7V8SL6;
				INFOPLIST_FILE = "Facebook UKTests/Info.plist";
				LD_RUNPATH_SEARCH_PATHS = "$(inherited) @executable_path/Frameworks @loader_path/Frameworks";
				PRODUCT_BUNDLE_IDENTIFIER = "com.ESstudios.Facebook-UKTests";
				PRODUCT_NAME = "$(TARGET_NAME)";
				SWIFT_VERSION = 3.0;
				TEST_HOST = "$(BUILT_PRODUCTS_DIR)/Facebook UK.app/Facebook UK";
			};
			name = Debug;
		};
		F4DBDDDB1E38F99A00839493 /* Release */ = {
			isa = XCBuildConfiguration;
			buildSettings = {
				ALWAYS_EMBED_SWIFT_STANDARD_LIBRARIES = YES;
				BUNDLE_LOADER = "$(TEST_HOST)";
				DEVELOPMENT_TEAM = 863H7V8SL6;
				INFOPLIST_FILE = "Facebook UKTests/Info.plist";
				LD_RUNPATH_SEARCH_PATHS = "$(inherited) @executable_path/Frameworks @loader_path/Frameworks";
				PRODUCT_BUNDLE_IDENTIFIER = "com.ESstudios.Facebook-UKTests";
				PRODUCT_NAME = "$(TARGET_NAME)";
				SWIFT_VERSION = 3.0;
				TEST_HOST = "$(BUILT_PRODUCTS_DIR)/Facebook UK.app/Facebook UK";
			};
			name = Release;
		};
		F4DBDDDD1E38F99A00839493 /* Debug */ = {
			isa = XCBuildConfiguration;
			buildSettings = {
				ALWAYS_EMBED_SWIFT_STANDARD_LIBRARIES = YES;
				DEVELOPMENT_TEAM = 863H7V8SL6;
				INFOPLIST_FILE = "Facebook UKUITests/Info.plist";
				LD_RUNPATH_SEARCH_PATHS = "$(inherited) @executable_path/Frameworks @loader_path/Frameworks";
				PRODUCT_BUNDLE_IDENTIFIER = "com.ESstudios.Facebook-UKUITests";
				PRODUCT_NAME = "$(TARGET_NAME)";
				SWIFT_VERSION = 3.0;
				TEST_TARGET_NAME = "Facebook UK";
			};
			name = Debug;
		};
		F4DBDDDE1E38F99A00839493 /* Release */ = {
			isa = XCBuildConfiguration;
			buildSettings = {
				ALWAYS_EMBED_SWIFT_STANDARD_LIBRARIES = YES;
				DEVELOPMENT_TEAM = 863H7V8SL6;
				INFOPLIST_FILE = "Facebook UKUITests/Info.plist";
				LD_RUNPATH_SEARCH_PATHS = "$(inherited) @executable_path/Frameworks @loader_path/Frameworks";
				PRODUCT_BUNDLE_IDENTIFIER = "com.ESstudios.Facebook-UKUITests";
				PRODUCT_NAME = "$(TARGET_NAME)";
				SWIFT_VERSION = 3.0;
				TEST_TARGET_NAME = "Facebook UK";
			};
			name = Release;
		};
/* End XCBuildConfiguration section */

/* Begin XCConfigurationList section */
		F4DBDDA91E38F99A00839493 /* Build configuration list for PBXProject "Facebook UK" */ = {
			isa = XCConfigurationList;
			buildConfigurations = (
				F4DBDDD41E38F99A00839493 /* Debug */,
				F4DBDDD51E38F99A00839493 /* Release */,
			);
			defaultConfigurationIsVisible = 0;
			defaultConfigurationName = Release;
		};
		F4DBDDD61E38F99A00839493 /* Build configuration list for PBXNativeTarget "Facebook UK" */ = {
			isa = XCConfigurationList;
			buildConfigurations = (
				F4DBDDD71E38F99A00839493 /* Debug */,
				F4DBDDD81E38F99A00839493 /* Release */,
			);
			defaultConfigurationIsVisible = 0;
			defaultConfigurationName = Release;
		};
		F4DBDDD91E38F99A00839493 /* Build configuration list for PBXNativeTarget "Facebook UKTests" */ = {
			isa = XCConfigurationList;
			buildConfigurations = (
				F4DBDDDA1E38F99A00839493 /* Debug */,
				F4DBDDDB1E38F99A00839493 /* Release */,
			);
			defaultConfigurationIsVisible = 0;
			defaultConfigurationName = Release;
		};
		F4DBDDDC1E38F99A00839493 /* Build configuration list for PBXNativeTarget "Facebook UKUITests" */ = {
			isa = XCConfigurationList;
			buildConfigurations = (
				F4DBDDDD1E38F99A00839493 /* Debug */,
				F4DBDDDE1E38F99A00839493 /* Release */,
			);
			defaultConfigurationIsVisible = 0;
			defaultConfigurationName = Release;
		};
/* End XCConfigurationList section */
	};
	rootObject = F4DBDDA61E38F99A00839493 /* Project object */;
}
